
Microsoft Visual Studio Solution File, Format Version 12.00
# Visual Studio 15
VisualStudioVersion = 15.0.28307.1062
MinimumVisualStudioVersion = 10.0.40219.1
Project("{9A19103F-16F7-4668-BE54-9A1E7A4F7556}") = "Nocturn", "Nocturn.csproj", "{7C2CE796-E4FB-4D91-BCB5-5C084F3312E1}"
EndProject
Global
	GlobalSection(SolutionConfigurationPlatforms) = preSolution
		Debug|Any CPU = Debug|Any CPU
		Release|Any CPU = Release|Any CPU
	EndGlobalSection
	GlobalSection(ProjectConfigurationPlatforms) = postSolution
		{7C2CE796-E4FB-4D91-BCB5-5C084F3312E1}.Debug|Any CPU.ActiveCfg = Debug|Any CPU
		{7C2CE796-E4FB-4D91-BCB5-5C084F3312E1}.Debug|Any CPU.Build.0 = Debug|Any CPU
		{7C2CE796-E4FB-4D91-BCB5-5C084F3312E1}.Release|Any CPU.ActiveCfg = Release|Any CPU
		{7C2CE796-E4FB-4D91-BCB5-5C084F3312E1}.Release|Any CPU.Build.0 = Release|Any CPU
	EndGlobalSection
	GlobalSection(SolutionProperties) = preSolution
		HideSolutionNode = FALSE
	EndGlobalSection
	GlobalSection(ExtensibilityGlobals) = postSolution
		SolutionGuid = {3A37C83A-1A5F-46FB-9410-5224B78419DA}
	EndGlobalSection
EndGlobal
